{
  "name": "lx_blogs",
  "version": "1.0.0",
  "lockfileVersion": 3,
  "requires": true,
  "packages": {
    "": {
      "name": "lx_blogs",
      "version": "1.0.0",
      "license": "ISC",
      "dependencies": {
        "marked": "^18.0.6"
      }
    },
    "node_modules/marked": {
      "version": "18.0.6",
      "resolved": "https://registry.npmjs.org/marked/-/marked-18.0.6.tgz",
      "integrity": "sha512-MrV5puXBfuiy6wl6DLaq3BtIJQAJToAd5zt/ZKhRfGRAuFPALE7/4Y7jnxRQoEgK/pBgurGqLyAuRgZ2xOjr6w==",
      "license": "MIT",
      "bin": {
        "marked": "bin/marked.js"
      },
      "engines": {
        "node": ">= 20"
      }
    }
  }
}
